{
  "name": "mpv",
  "version": "2.0.0",
  "lockfileVersion": 3,
  "requires": true,
  "packages": {
    "": {
      "name": "mpv",
      "version": "2.0.0",
      "license": "WTFPL",
      "dependencies": {
        "prexit": "2.2.0"
      }
    },
    "node_modules/prexit": {
      "version": "2.2.0",
      "resolved": "https://registry.npmjs.org/prexit/-/prexit-2.2.0.tgz",
      "integrity": "sha512-MrkWg5/0XFTM0txQtPFZlhk3qhMtyd+bP1vXJKQqOOYcdQ8/Wl5+G0Utxv69TLfH0PMm/ushn0YTYQ2SH2WzJg=="
    }
  }
}
