{
  "name": "mpv",
  "version": "0.2.1",
  "lockfileVersion": 1,
  "requires": true,
  "dependencies": {
    "prexit": {
      "version": "1.0.0",
      "resolved": "https://registry.npmjs.org/prexit/-/prexit-1.0.0.tgz",
      "integrity": "sha512-/isfZs8xYFCvIrQOcAxevCHSbVbKdi62yPgW1AQAd7C7Vedn13IhJ4c9NuyxFifQw97LrQl/wFtbW59tuHOHgg=="
    }
  }
}
